// !$*UTF8*$!
{
	archiveVersion = 1;
	classes = {
	};
	objectVersion = 56;
	objects = {

/* Begin PBXBuildFile section */
		F8F52BB92BF350F50005FBA5 /* AppDelegate.m in Sources */ = {isa = PBXBuildFile; fileRef = F8F52BB82BF350F50005FBA5 /* AppDelegate.m */; };
		F8F52BBC2BF350F50005FBA5 /* SceneDelegate.m in Sources */ = {isa = PBXBuildFile; fileRef = F8F52BBB2BF350F50005FBA5 /* SceneDelegate.m */; };
		F8F52BBF2BF350F50005FBA5 /* AvailableReadersViewController.m in Sources */ = {isa = PBXBuildFile; fileRef = F8F52BBE2BF350F50005FBA5 /* AvailableReadersViewController.m */; };
		F8F52BC22BF350F50005FBA5 /* Main.storyboard in Resources */ = {isa = PBXBuildFile; fileRef = F8F52BC02BF350F50005FBA5 /* Main.storyboard */; };
		F8F52BC42BF3510D0005FBA5 /* Assets.xcassets in Resources */ = {isa = PBXBuildFile; fileRef = F8F52BC32BF3510D0005FBA5 /* Assets.xcassets */; };
		F8F52BC72BF3510D0005FBA5 /* LaunchScreen.storyboard in Resources */ = {isa = PBXBuildFile; fileRef = F8F52BC52BF3510D0005FBA5 /* LaunchScreen.storyboard */; };
		F8F52BCA2BF3510D0005FBA5 /* main.m in Sources */ = {isa = PBXBuildFile; fileRef = F8F52BC92BF3510D0005FBA5 /* main.m */; };
		F8F52BD22BF3A31C0005FBA5 /* WisePadViewController.m in Sources */ = {isa = PBXBuildFile; fileRef = F8F52BD12BF3A31C0005FBA5 /* WisePadViewController.m */; };
		F8F794FF2BF3D41C00FD12A9 /* LocationsViewController.m in Sources */ = {isa = PBXBuildFile; fileRef = F8F794FE2BF3D41A00FD12A9 /* LocationsViewController.m */; };
		F8FEC7F42BF43A1600C92F4D /* CardItem.m in Sources */ = {isa = PBXBuildFile; fileRef = F8FEC7F22BF43A1600C92F4D /* CardItem.m */; };
		F8FEC7F52BF43A1600C92F4D /* LocationModel.m in Sources */ = {isa = PBXBuildFile; fileRef = F8FEC7F32BF43A1600C92F4D /* LocationModel.m */; };
		F8FEC8012BF43F5100C92F4D /* WPCItemTableViewCell.m in Sources */ = {isa = PBXBuildFile; fileRef = F8FEC7FF2BF43F5100C92F4D /* WPCItemTableViewCell.m */; };
		F8FEC8022BF43F5100C92F4D /* LocationItemTableViewCell.m in Sources */ = {isa = PBXBuildFile; fileRef = F8FEC8002BF43F5100C92F4D /* LocationItemTableViewCell.m */; };
		F8FEC8052BF44ADD00C92F4D /* AddLocationViewController.m in Sources */ = {isa = PBXBuildFile; fileRef = F8FEC8042BF44ADD00C92F4D /* AddLocationViewController.m */; };
		F8FEC80B2BF45AA400C92F4D /* Localizable.strings in Resources */ = {isa = PBXBuildFile; fileRef = F8FEC80D2BF45AA400C92F4D /* Localizable.strings */; };
/* End PBXBuildFile section */

/* Begin PBXFileReference section */
		F8F52BB42BF350F50005FBA5 /* CardReader.app */ = {isa = PBXFileReference; explicitFileType = wrapper.application; includeInIndex = 0; path = CardReader.app; sourceTree = BUILT_PRODUCTS_DIR; };
		F8F52BB72BF350F50005FBA5 /* AppDelegate.h */ = {isa = PBXFileReference; lastKnownFileType = sourcecode.c.h; path = AppDelegate.h; sourceTree = "<group>"; };
		F8F52BB82BF350F50005FBA5 /* AppDelegate.m */ = {isa = PBXFileReference; lastKnownFileType = sourcecode.c.objc; path = AppDelegate.m; sourceTree = "<group>"; };
		F8F52BBA2BF350F50005FBA5 /* SceneDelegate.h */ = {isa = PBXFileReference; lastKnownFileType = sourcecode.c.h; path = SceneDelegate.h; sourceTree = "<group>"; };
		F8F52BBB2BF350F50005FBA5 /* SceneDelegate.m */ = {isa = PBXFileReference; lastKnownFileType = sourcecode.c.objc; path = SceneDelegate.m; sourceTree = "<group>"; };
		F8F52BBD2BF350F50005FBA5 /* AvailableReadersViewController.h */ = {isa = PBXFileReference; lastKnownFileType = sourcecode.c.h; path = AvailableReadersViewController.h; sourceTree = "<group>"; };
		F8F52BBE2BF350F50005FBA5 /* AvailableReadersViewController.m */ = {isa = PBXFileReference; lastKnownFileType = sourcecode.c.objc; path = AvailableReadersViewController.m; sourceTree = "<group>"; };
		F8F52BC12BF350F50005FBA5 /* Base */ = {isa = PBXFileReference; lastKnownFileType = file.storyboard; name = Base; path = Base.lproj/Main.storyboard; sourceTree = "<group>"; };
		F8F52BC32BF3510D0005FBA5 /* Assets.xcassets */ = {isa = PBXFileReference; lastKnownFileType = folder.assetcatalog; path = Assets.xcassets; sourceTree = "<group>"; };
		F8F52BC62BF3510D0005FBA5 /* Base */ = {isa = PBXFileReference; lastKnownFileType = file.storyboard; name = Base; path = Base.lproj/LaunchScreen.storyboard; sourceTree = "<group>"; };
		F8F52BC82BF3510D0005FBA5 /* Info.plist */ = {isa = PBXFileReference; lastKnownFileType = text.plist.xml; path = Info.plist; sourceTree = "<group>"; };
		F8F52BC92BF3510D0005FBA5 /* main.m */ = {isa = PBXFileReference; lastKnownFileType = sourcecode.c.objc; path = main.m; sourceTree = "<group>"; };
		F8F52BD02BF3A31C0005FBA5 /* WisePadViewController.h */ = {isa = PBXFileReference; lastKnownFileType = sourcecode.c.h; path = WisePadViewController.h; sourceTree = "<group>"; };
		F8F52BD12BF3A31C0005FBA5 /* WisePadViewController.m */ = {isa = PBXFileReference; lastKnownFileType = sourcecode.c.objc; path = WisePadViewController.m; sourceTree = "<group>"; };
		F8F794FD2BF3D41A00FD12A9 /* LocationsViewController.h */ = {isa = PBXFileReference; lastKnownFileType = sourcecode.c.h; path = LocationsViewController.h; sourceTree = "<group>"; };
		F8F794FE2BF3D41A00FD12A9 /* LocationsViewController.m */ = {isa = PBXFileReference; lastKnownFileType = sourcecode.c.objc; path = LocationsViewController.m; sourceTree = "<group>"; };
		F8FEC7F02BF43A1600C92F4D /* LocationModel.h */ = {isa = PBXFileReference; fileEncoding = 4; lastKnownFileType = sourcecode.c.h; path = LocationModel.h; sourceTree = "<group>"; };
		F8FEC7F12BF43A1600C92F4D /* CardItem.h */ = {isa = PBXFileReference; fileEncoding = 4; lastKnownFileType = sourcecode.c.h; path = CardItem.h; sourceTree = "<group>"; };
		F8FEC7F22BF43A1600C92F4D /* CardItem.m */ = {isa = PBXFileReference; fileEncoding = 4; lastKnownFileType = sourcecode.c.objc; path = CardItem.m; sourceTree = "<group>"; };
		F8FEC7F32BF43A1600C92F4D /* LocationModel.m */ = {isa = PBXFileReference; fileEncoding = 4; lastKnownFileType = sourcecode.c.objc; path = LocationModel.m; sourceTree = "<group>"; };
		F8FEC7FD2BF43F5000C92F4D /* LocationItemTableViewCell.h */ = {isa = PBXFileReference; fileEncoding = 4; lastKnownFileType = sourcecode.c.h; path = LocationItemTableViewCell.h; sourceTree = "<group>"; };
		F8FEC7FE2BF43F5100C92F4D /* WPCItemTableViewCell.h */ = {isa = PBXFileReference; fileEncoding = 4; lastKnownFileType = sourcecode.c.h; path = WPCItemTableViewCell.h; sourceTree = "<group>"; };
		F8FEC7FF2BF43F5100C92F4D /* WPCItemTableViewCell.m */ = {isa = PBXFileReference; fileEncoding = 4; lastKnownFileType = sourcecode.c.objc; path = WPCItemTableViewCell.m; sourceTree = "<group>"; };
		F8FEC8002BF43F5100C92F4D /* LocationItemTableViewCell.m */ = {isa = PBXFileReference; fileEncoding = 4; lastKnownFileType = sourcecode.c.objc; path = LocationItemTableViewCell.m; sourceTree = "<group>"; };
		F8FEC8032BF44ADD00C92F4D /* AddLocationViewController.h */ = {isa = PBXFileReference; lastKnownFileType = sourcecode.c.h; path = AddLocationViewController.h; sourceTree = "<group>"; };
		F8FEC8042BF44ADD00C92F4D /* AddLocationViewController.m */ = {isa = PBXFileReference; lastKnownFileType = sourcecode.c.objc; path = AddLocationViewController.m; sourceTree = "<group>"; };
		F8FEC80C2BF45AA400C92F4D /* en */ = {isa = PBXFileReference; lastKnownFileType = text.plist.strings; name = en; path = en.lproj/Localizable.strings; sourceTree = "<group>"; };
		F8FEC80E2BF45AC600C92F4D /* it */ = {isa = PBXFileReference; lastKnownFileType = text.plist.strings; name = it; path = it.lproj/Localizable.strings; sourceTree = "<group>"; };
		F8FEC8102BF45DAE00C92F4D /* en */ = {isa = PBXFileReference; lastKnownFileType = text.plist.strings; name = en; path = en.lproj/Main.strings; sourceTree = "<group>"; };
/* End PBXFileReference section */

/* Begin PBXFrameworksBuildPhase section */
		F8F52BB12BF350F50005FBA5 /* Frameworks */ = {
			isa = PBXFrameworksBuildPhase;
			buildActionMask = 2147483647;
			files = (
			);
			runOnlyForDeploymentPostprocessing = 0;
		};
/* End PBXFrameworksBuildPhase section */

/* Begin PBXGroup section */
		F8F52BAB2BF350F50005FBA5 = {
			isa = PBXGroup;
			children = (
				F8F52BB62BF350F50005FBA5 /* CardReader */,
				F8F52BB52BF350F50005FBA5 /* Products */,
			);
			sourceTree = "<group>";
		};
		F8F52BB52BF350F50005FBA5 /* Products */ = {
			isa = PBXGroup;
			children = (
				F8F52BB42BF350F50005FBA5 /* CardReader.app */,
			);
			name = Products;
			sourceTree = "<group>";
		};
		F8F52BB62BF350F50005FBA5 /* CardReader */ = {
			isa = PBXGroup;
			children = (
				F8FEC8082BF4572000C92F4D /* Resources */,
				F8FEC7EF2BF439BC00C92F4D /* models */,
				F8F52BB72BF350F50005FBA5 /* AppDelegate.h */,
				F8FEC7FC2BF43ED600C92F4D /* tableCells */,
				F8F52BB82BF350F50005FBA5 /* AppDelegate.m */,
				F8F52BBA2BF350F50005FBA5 /* SceneDelegate.h */,
				F8F52BBB2BF350F50005FBA5 /* SceneDelegate.m */,
				F8F52BBD2BF350F50005FBA5 /* AvailableReadersViewController.h */,
				F8F52BD02BF3A31C0005FBA5 /* WisePadViewController.h */,
				F8F52BD12BF3A31C0005FBA5 /* WisePadViewController.m */,
				F8FEC8032BF44ADD00C92F4D /* AddLocationViewController.h */,
				F8FEC8042BF44ADD00C92F4D /* AddLocationViewController.m */,
				F8F52BBE2BF350F50005FBA5 /* AvailableReadersViewController.m */,
				F8F52BC02BF350F50005FBA5 /* Main.storyboard */,
				F8F52BC32BF3510D0005FBA5 /* Assets.xcassets */,
				F8F52BC52BF3510D0005FBA5 /* LaunchScreen.storyboard */,
				F8F52BC82BF3510D0005FBA5 /* Info.plist */,
				F8F52BC92BF3510D0005FBA5 /* main.m */,
				F8F794FD2BF3D41A00FD12A9 /* LocationsViewController.h */,
				F8F794FE2BF3D41A00FD12A9 /* LocationsViewController.m */,
			);
			path = CardReader;
			sourceTree = "<group>";
		};
		F8FEC7EF2BF439BC00C92F4D /* models */ = {
			isa = PBXGroup;
			children = (
				F8FEC7F12BF43A1600C92F4D /* CardItem.h */,
				F8FEC7F22BF43A1600C92F4D /* CardItem.m */,
				F8FEC7F02BF43A1600C92F4D /* LocationModel.h */,
				F8FEC7F32BF43A1600C92F4D /* LocationModel.m */,
			);
			path = models;
			sourceTree = "<group>";
		};
		F8FEC7FC2BF43ED600C92F4D /* tableCells */ = {
			isa = PBXGroup;
			children = (
				F8FEC7FD2BF43F5000C92F4D /* LocationItemTableViewCell.h */,
				F8FEC8002BF43F5100C92F4D /* LocationItemTableViewCell.m */,
				F8FEC7FE2BF43F5100C92F4D /* WPCItemTableViewCell.h */,
				F8FEC7FF2BF43F5100C92F4D /* WPCItemTableViewCell.m */,
			);
			path = tableCells;
			sourceTree = "<group>";
		};
		F8FEC8082BF4572000C92F4D /* Resources */ = {
			isa = PBXGroup;
			children = (
				F8FEC80D2BF45AA400C92F4D /* Localizable.strings */,
			);
			path = Resources;
			sourceTree = "<group>";
		};
/* End PBXGroup section */

/* Begin PBXNativeTarget section */
		F8F52BB32BF350F50005FBA5 /* CardReader */ = {
			isa = PBXNativeTarget;
			buildConfigurationList = F8F52BCD2BF3510D0005FBA5 /* Build configuration list for PBXNativeTarget "CardReader" */;
			buildPhases = (
				F8F52BB02BF350F50005FBA5 /* Sources */,
				F8F52BB12BF350F50005FBA5 /* Frameworks */,
				F8F52BB22BF350F50005FBA5 /* Resources */,
			);
			buildRules = (
			);
			dependencies = (
			);
			name = CardReader;
			productName = CardReader;
			productReference = F8F52BB42BF350F50005FBA5 /* CardReader.app */;
			productType = "com.apple.product-type.application";
		};
/* End PBXNativeTarget section */

/* Begin PBXProject section */
		F8F52BAC2BF350F50005FBA5 /* Project object */ = {
			isa = PBXProject;
			attributes = {
				BuildIndependentTargetsInParallel = 1;
				LastUpgradeCheck = 1420;
				TargetAttributes = {
					F8F52BB32BF350F50005FBA5 = {
						CreatedOnToolsVersion = 14.2;
					};
				};
			};
			buildConfigurationList = F8F52BAF2BF350F50005FBA5 /* Build configuration list for PBXProject "CardReader" */;
			compatibilityVersion = "Xcode 14.0";
			developmentRegion = en;
			hasScannedForEncodings = 0;
			knownRegions = (
				en,
				Base,
				it,
			);
			mainGroup = F8F52BAB2BF350F50005FBA5;
			productRefGroup = F8F52BB52BF350F50005FBA5 /* Products */;
			projectDirPath = "";
			projectRoot = "";
			targets = (
				F8F52BB32BF350F50005FBA5 /* CardReader */,
			);
		};
/* End PBXProject section */

/* Begin PBXResourcesBuildPhase section */
		F8F52BB22BF350F50005FBA5 /* Resources */ = {
			isa = PBXResourcesBuildPhase;
			buildActionMask = 2147483647;
			files = (
				F8F52BC72BF3510D0005FBA5 /* LaunchScreen.storyboard in Resources */,
				F8FEC80B2BF45AA400C92F4D /* Localizable.strings in Resources */,
				F8F52BC42BF3510D0005FBA5 /* Assets.xcassets in Resources */,
				F8F52BC22BF350F50005FBA5 /* Main.storyboard in Resources */,
			);
			runOnlyForDeploymentPostprocessing = 0;
		};
/* End PBXResourcesBuildPhase section */

/* Begin PBXSourcesBuildPhase section */
		F8F52BB02BF350F50005FBA5 /* Sources */ = {
			isa = PBXSourcesBuildPhase;
			buildActionMask = 2147483647;
			files = (
				F8F52BD22BF3A31C0005FBA5 /* WisePadViewController.m in Sources */,
				F8F52BBF2BF350F50005FBA5 /* AvailableReadersViewController.m in Sources */,
				F8F52BB92BF350F50005FBA5 /* AppDelegate.m in Sources */,
				F8FEC7F42BF43A1600C92F4D /* CardItem.m in Sources */,
				F8FEC7F52BF43A1600C92F4D /* LocationModel.m in Sources */,
				F8FEC8022BF43F5100C92F4D /* LocationItemTableViewCell.m in Sources */,
				F8F52BCA2BF3510D0005FBA5 /* main.m in Sources */,
				F8F52BBC2BF350F50005FBA5 /* SceneDelegate.m in Sources */,
				F8FEC8052BF44ADD00C92F4D /* AddLocationViewController.m in Sources */,
				F8FEC8012BF43F5100C92F4D /* WPCItemTableViewCell.m in Sources */,
				F8F794FF2BF3D41C00FD12A9 /* LocationsViewController.m in Sources */,
			);
			runOnlyForDeploymentPostprocessing = 0;
		};
/* End PBXSourcesBuildPhase section */

/* Begin PBXVariantGroup section */
		F8F52BC02BF350F50005FBA5 /* Main.storyboard */ = {
			isa = PBXVariantGroup;
			children = (
				F8F52BC12BF350F50005FBA5 /* Base */,
				F8FEC8102BF45DAE00C92F4D /* en */,
			);
			name = Main.storyboard;
			sourceTree = "<group>";
		};
		F8F52BC52BF3510D0005FBA5 /* LaunchScreen.storyboard */ = {
			isa = PBXVariantGroup;
			children = (
				F8F52BC62BF3510D0005FBA5 /* Base */,
			);
			name = LaunchScreen.storyboard;
			sourceTree = "<group>";
		};
		F8FEC80D2BF45AA400C92F4D /* Localizable.strings */ = {
			isa = PBXVariantGroup;
			children = (
				F8FEC80C2BF45AA400C92F4D /* en */,
				F8FEC80E2BF45AC600C92F4D /* it */,
			);
			name = Localizable.strings;
			sourceTree = "<group>";
		};
/* End PBXVariantGroup section */

/* Begin XCBuildConfiguration section */
		F8F52BCB2BF3510D0005FBA5 /* Debug */ = {
			isa = XCBuildConfiguration;
			buildSettings = {
				ALWAYS_SEARCH_USER_PATHS = NO;
				CLANG_ANALYZER_LOCALIZABILITY_NONLOCALIZED = YES;
				CLANG_ANALYZER_NONNULL = YES;
				CLANG_ANALYZER_NUMBER_OBJECT_CONVERSION = YES_AGGRESSIVE;
				CLANG_CXX_LANGUAGE_STANDARD = "gnu++20";
				CLANG_ENABLE_MODULES = YES;
				CLANG_ENABLE_OBJC_ARC = YES;
				CLANG_ENABLE_OBJC_WEAK = YES;
				CLANG_WARN_BLOCK_CAPTURE_AUTORELEASING = YES;
				CLANG_WARN_BOOL_CONVERSION = YES;
				CLANG_WARN_COMMA = YES;
				CLANG_WARN_CONSTANT_CONVERSION = YES;
				CLANG_WARN_DEPRECATED_OBJC_IMPLEMENTATIONS = YES;
				CLANG_WARN_DIRECT_OBJC_ISA_USAGE = YES_ERROR;
				CLANG_WARN_DOCUMENTATION_COMMENTS = YES;
				CLANG_WARN_EMPTY_BODY = YES;
				CLANG_WARN_ENUM_CONVERSION = YES;
				CLANG_WARN_INFINITE_RECURSION = YES;
				CLANG_WARN_INT_CONVERSION = YES;
				CLANG_WARN_NON_LITERAL_NULL_CONVERSION = YES;
				CLANG_WARN_OBJC_IMPLICIT_RETAIN_SELF = YES;
				CLANG_WARN_OBJC_LITERAL_CONVERSION = YES;
				CLANG_WARN_OBJC_ROOT_CLASS = YES_ERROR;
				CLANG_WARN_QUOTED_INCLUDE_IN_FRAMEWORK_HEADER = YES;
				CLANG_WARN_RANGE_LOOP_ANALYSIS = YES;
				CLANG_WARN_STRICT_PROTOTYPES = YES;
				CLANG_WARN_SUSPICIOUS_MOVE = YES;
				CLANG_WARN_UNGUARDED_AVAILABILITY = YES_AGGRESSIVE;
				CLANG_WARN_UNREACHABLE_CODE = YES;
				CLANG_WARN__DUPLICATE_METHOD_MATCH = YES;
				COPY_PHASE_STRIP = NO;
				DEBUG_INFORMATION_FORMAT = dwarf;
				ENABLE_STRICT_OBJC_MSGSEND = YES;
				ENABLE_TESTABILITY = YES;
				GCC_C_LANGUAGE_STANDARD = gnu11;
				GCC_DYNAMIC_NO_PIC = NO;
				GCC_NO_COMMON_BLOCKS = YES;
				GCC_OPTIMIZATION_LEVEL = 0;
				GCC_PREPROCESSOR_DEFINITIONS = (
					"DEBUG=1",
					"$(inherited)",
				);
				GCC_WARN_64_TO_32_BIT_CONVERSION = YES;
				GCC_WARN_ABOUT_RETURN_TYPE = YES_ERROR;
				GCC_WARN_UNDECLARED_SELECTOR = YES;
				GCC_WARN_UNINITIALIZED_AUTOS = YES_AGGRESSIVE;
				GCC_WARN_UNUSED_FUNCTION = YES;
				GCC_WARN_UNUSED_VARIABLE = YES;
				IPHONEOS_DEPLOYMENT_TARGET = 16.2;
				MTL_ENABLE_DEBUG_INFO = INCLUDE_SOURCE;
				MTL_FAST_MATH = YES;
				ONLY_ACTIVE_ARCH = YES;
				SDKROOT = iphoneos;
			};
			name = Debug;
		};
		F8F52BCC2BF3510D0005FBA5 /* Release */ = {
			isa = XCBuildConfiguration;
			buildSettings = {
				ALWAYS_SEARCH_USER_PATHS = NO;
				CLANG_ANALYZER_LOCALIZABILITY_NONLOCALIZED = YES;
				CLANG_ANALYZER_NONNULL = YES;
				CLANG_ANALYZER_NUMBER_OBJECT_CONVERSION = YES_AGGRESSIVE;
				CLANG_CXX_LANGUAGE_STANDARD = "gnu++20";
				CLANG_ENABLE_MODULES = YES;
				CLANG_ENABLE_OBJC_ARC = YES;
				CLANG_ENABLE_OBJC_WEAK = YES;
				CLANG_WARN_BLOCK_CAPTURE_AUTORELEASING = YES;
				CLANG_WARN_BOOL_CONVERSION = YES;
				CLANG_WARN_COMMA = YES;
				CLANG_WARN_CONSTANT_CONVERSION = YES;
				CLANG_WARN_DEPRECATED_OBJC_IMPLEMENTATIONS = YES;
				CLANG_WARN_DIRECT_OBJC_ISA_USAGE = YES_ERROR;
				CLANG_WARN_DOCUMENTATION_COMMENTS = YES;
				CLANG_WARN_EMPTY_BODY = YES;
				CLANG_WARN_ENUM_CONVERSION = YES;
				CLANG_WARN_INFINITE_RECURSION = YES;
				CLANG_WARN_INT_CONVERSION = YES;
				CLANG_WARN_NON_LITERAL_NULL_CONVERSION = YES;
				CLANG_WARN_OBJC_IMPLICIT_RETAIN_SELF = YES;
				CLANG_WARN_OBJC_LITERAL_CONVERSION = YES;
				CLANG_WARN_OBJC_ROOT_CLASS = YES_ERROR;
				CLANG_WARN_QUOTED_INCLUDE_IN_FRAMEWORK_HEADER = YES;
				CLANG_WARN_RANGE_LOOP_ANALYSIS = YES;
				CLANG_WARN_STRICT_PROTOTYPES = YES;
				CLANG_WARN_SUSPICIOUS_MOVE = YES;
				CLANG_WARN_UNGUARDED_AVAILABILITY = YES_AGGRESSIVE;
				CLANG_WARN_UNREACHABLE_CODE = YES;
				CLANG_WARN__DUPLICATE_METHOD_MATCH = YES;
				COPY_PHASE_STRIP = NO;
				DEBUG_INFORMATION_FORMAT = "dwarf-with-dsym";
				ENABLE_NS_ASSERTIONS = NO;
				ENABLE_STRICT_OBJC_MSGSEND = YES;
				GCC_C_LANGUAGE_STANDARD = gnu11;
				GCC_NO_COMMON_BLOCKS = YES;
				GCC_WARN_64_TO_32_BIT_CONVERSION = YES;
				GCC_WARN_ABOUT_RETURN_TYPE = YES_ERROR;
				GCC_WARN_UNDECLARED_SELECTOR = YES;
				GCC_WARN_UNINITIALIZED_AUTOS = YES_AGGRESSIVE;
				GCC_WARN_UNUSED_FUNCTION = YES;
				GCC_WARN_UNUSED_VARIABLE = YES;
				IPHONEOS_DEPLOYMENT_TARGET = 16.2;
				MTL_ENABLE_DEBUG_INFO = NO;
				MTL_FAST_MATH = YES;
				SDKROOT = iphoneos;
				VALIDATE_PRODUCT = YES;
			};
			name = Release;
		};
		F8F52BCE2BF3510D0005FBA5 /* Debug */ = {
			isa = XCBuildConfiguration;
			buildSettings = {
				ASSETCATALOG_COMPILER_APPICON_NAME = AppIcon;
				ASSETCATALOG_COMPILER_GLOBAL_ACCENT_COLOR_NAME = AccentColor;
				CODE_SIGN_STYLE = Automatic;
				CURRENT_PROJECT_VERSION = 1;
				GENERATE_INFOPLIST_FILE = YES;
				INFOPLIST_FILE = CardReader/Info.plist;
				INFOPLIST_KEY_UIApplicationSupportsIndirectInputEvents = YES;
				INFOPLIST_KEY_UILaunchStoryboardName = LaunchScreen;
				INFOPLIST_KEY_UIMainStoryboardFile = Main;
				INFOPLIST_KEY_UISupportedInterfaceOrientations = UIInterfaceOrientationPortrait;
				INFOPLIST_KEY_UISupportedInterfaceOrientations_iPad = "UIInterfaceOrientationLandscapeLeft UIInterfaceOrientationLandscapeRight UIInterfaceOrientationPortrait UIInterfaceOrientationPortraitUpsideDown";
				LD_RUNPATH_SEARCH_PATHS = (
					"$(inherited)",
					"@executable_path/Frameworks",
				);
				MARKETING_VERSION = 1.0;
				PRODUCT_BUNDLE_IDENTIFIER = com.test.CardReader;
				PRODUCT_NAME = "$(TARGET_NAME)";
				SWIFT_EMIT_LOC_STRINGS = YES;
				TARGETED_DEVICE_FAMILY = "1,2";
			};
			name = Debug;
		};
		F8F52BCF2BF3510D0005FBA5 /* Release */ = {
			isa = XCBuildConfiguration;
			buildSettings = {
				ASSETCATALOG_COMPILER_APPICON_NAME = AppIcon;
				ASSETCATALOG_COMPILER_GLOBAL_ACCENT_COLOR_NAME = AccentColor;
				CODE_SIGN_STYLE = Automatic;
				CURRENT_PROJECT_VERSION = 1;
				GENERATE_INFOPLIST_FILE = YES;
				INFOPLIST_FILE = CardReader/Info.plist;
				INFOPLIST_KEY_UIApplicationSupportsIndirectInputEvents = YES;
				INFOPLIST_KEY_UILaunchStoryboardName = LaunchScreen;
				INFOPLIST_KEY_UIMainStoryboardFile = Main;
				INFOPLIST_KEY_UISupportedInterfaceOrientations = UIInterfaceOrientationPortrait;
				INFOPLIST_KEY_UISupportedInterfaceOrientations_iPad = "UIInterfaceOrientationLandscapeLeft UIInterfaceOrientationLandscapeRight UIInterfaceOrientationPortrait UIInterfaceOrientationPortraitUpsideDown";
				LD_RUNPATH_SEARCH_PATHS = (
					"$(inherited)",
					"@executable_path/Frameworks",
				);
				MARKETING_VERSION = 1.0;
				PRODUCT_BUNDLE_IDENTIFIER = com.test.CardReader;
				PRODUCT_NAME = "$(TARGET_NAME)";
				SWIFT_EMIT_LOC_STRINGS = YES;
				TARGETED_DEVICE_FAMILY = "1,2";
			};
			name = Release;
		};
/* End XCBuildConfiguration section */

/* Begin XCConfigurationList section */
		F8F52BAF2BF350F50005FBA5 /* Build configuration list for PBXProject "CardReader" */ = {
			isa = XCConfigurationList;
			buildConfigurations = (
				F8F52BCB2BF3510D0005FBA5 /* Debug */,
				F8F52BCC2BF3510D0005FBA5 /* Release */,
			);
			defaultConfigurationIsVisible = 0;
			defaultConfigurationName = Release;
		};
		F8F52BCD2BF3510D0005FBA5 /* Build configuration list for PBXNativeTarget "CardReader" */ = {
			isa = XCConfigurationList;
			buildConfigurations = (
				F8F52BCE2BF3510D0005FBA5 /* Debug */,
				F8F52BCF2BF3510D0005FBA5 /* Release */,
			);
			defaultConfigurationIsVisible = 0;
			defaultConfigurationName = Release;
		};
/* End XCConfigurationList section */
	};
	rootObject = F8F52BAC2BF350F50005FBA5 /* Project object */;
}
